PODS:
  - Flutter (1.0.0)
  - flutter_ezw_ble (0.0.1):
    - Flutter
    - flutter_ezw_utils
  - flutter_ezw_utils (0.0.1):
    - Flutter
  - integration_test (0.0.1):
    - Flutter
  - iOSMcuManagerLibrary (1.6):
    - SwiftCBOR (= 0.4.4)
  - mcumgr_flutter (0.0.2):
    - Flutter
    - iOSMcuManagerLibrary (= 1.6)
    - SwiftProtobuf
  - path_provider_foundation (0.0.1):
    - Flutter
    - FlutterMacOS
  - shared_preferences_foundation (0.0.1):
    - Flutter
    - FlutterMacOS
  - SwiftCBOR (0.4.4)
  - SwiftProtobuf (1.28.2)

DEPENDENCIES:
  - Flutter (from `Flutter`)
  - flutter_ezw_ble (from `.symlinks/plugins/flutter_ezw_ble/ios`)
  - flutter_ezw_utils (from `.symlinks/plugins/flutter_ezw_utils/ios`)
  - integration_test (from `.symlinks/plugins/integration_test/ios`)
  - mcumgr_flutter (from `.symlinks/plugins/mcumgr_flutter/ios`)
  - path_provider_foundation (from `.symlinks/plugins/path_provider_foundation/darwin`)
  - shared_preferences_foundation (from `.symlinks/plugins/shared_preferences_foundation/darwin`)

SPEC REPOS:
  trunk:
    - iOSMcuManagerLibrary
    - SwiftCBOR
    - SwiftProtobuf

EXTERNAL SOURCES:
  Flutter:
    :path: Flutter
  flutter_ezw_ble:
    :path: ".symlinks/plugins/flutter_ezw_ble/ios"
  flutter_ezw_utils:
    :path: ".symlinks/plugins/flutter_ezw_utils/ios"
  integration_test:
    :path: ".symlinks/plugins/integration_test/ios"
  mcumgr_flutter:
    :path: ".symlinks/plugins/mcumgr_flutter/ios"
  path_provider_foundation:
    :path: ".symlinks/plugins/path_provider_foundation/darwin"
  shared_preferences_foundation:
    :path: ".symlinks/plugins/shared_preferences_foundation/darwin"

SPEC CHECKSUMS:
  Flutter: e0871f40cf51350855a761d2e70bf5af5b9b5de7
  flutter_ezw_ble: 6ec97d102c22c19d93f6d7922dd24f4f02359fe3
  flutter_ezw_utils: ca2132083490441ea81200d2de16b384fae6f744
  integration_test: 252f60fa39af5e17c3aa9899d35d908a0721b573
  iOSMcuManagerLibrary: 4102a4595be1c69e5286d7f1520a733c82c30b0a
  mcumgr_flutter: 097e59bec5917b527ba6d095da57bdaed2de1fa2
  path_provider_foundation: 2b6b4c569c0fb62ec74538f866245ac84301af46
  shared_preferences_foundation: fcdcbc04712aee1108ac7fda236f363274528f78
  SwiftCBOR: ce5354ec8b660da2d6fc754462881119dbe1f963
  SwiftProtobuf: 4dbaffec76a39a8dc5da23b40af1a5dc01a4c02d

PODFILE CHECKSUM: 4305caec6b40dde0ae97be1573c53de1882a07e5

COCOAPODS: 1.16.2
